// !$*UTF8*$!
{
	archiveVersion = 1;
	classes = {
	};
	objectVersion = 46;
	objects = {

/* Begin PBXBuildFile section */
		797998DF189AC46D00CB30D8 /* Foundation.framework in Frameworks */ = {isa = PBXBuildFile; fileRef = 797998DE189AC46D00CB30D8 /* Foundation.framework */; };
		797998E2189AC46D00CB30D8 /* main.m in Sources */ = {isa = PBXBuildFile; fileRef = 797998E1189AC46D00CB30D8 /* main.m */; };
		797998E6189AC46D00CB30D8 /* xib2pdflabels.1 in CopyFiles */ = {isa = PBXBuildFile; fileRef = 797998E5189AC46D00CB30D8 /* xib2pdflabels.1 */; };
/* End PBXBuildFile section */

/* Begin PBXCopyFilesBuildPhase section */
		797998D9189AC46D00CB30D8 /* CopyFiles */ = {
			isa = PBXCopyFilesBuildPhase;
			buildActionMask = 2147483647;
			dstPath = /usr/share/man/man1/;
			dstSubfolderSpec = 0;
			files = (
				797998E6189AC46D00CB30D8 /* xib2pdflabels.1 in CopyFiles */,
			);
			runOnlyForDeploymentPostprocessing = 1;
		};
/* End PBXCopyFilesBuildPhase section */

/* Begin PBXFileReference section */
		797998DB189AC46D00CB30D8 /* xib2pdflabels */ = {isa = PBXFileReference; explicitFileType = "compiled.mach-o.executable"; includeInIndex = 0; path = xib2pdflabels; sourceTree = BUILT_PRODUCTS_DIR; };
		797998DE189AC46D00CB30D8 /* Foundation.framework */ = {isa = PBXFileReference; lastKnownFileType = wrapper.framework; name = Foundation.framework; path = System/Library/Frameworks/Foundation.framework; sourceTree = SDKROOT; };
		797998E1189AC46D00CB30D8 /* main.m */ = {isa = PBXFileReference; lastKnownFileType = sourcecode.c.objc; path = main.m; sourceTree = "<group>"; };
		797998E4189AC46D00CB30D8 /* xib2pdflabels-Prefix.pch */ = {isa = PBXFileReference; lastKnownFileType = sourcecode.c.h; path = "xib2pdflabels-Prefix.pch"; sourceTree = "<group>"; };
		797998E5189AC46D00CB30D8 /* xib2pdflabels.1 */ = {isa = PBXFileReference; lastKnownFileType = text.man; path = xib2pdflabels.1; sourceTree = "<group>"; };
/* End PBXFileReference section */

/* Begin PBXFrameworksBuildPhase section */
		797998D8189AC46D00CB30D8 /* Frameworks */ = {
			isa = PBXFrameworksBuildPhase;
			buildActionMask = 2147483647;
			files = (
				797998DF189AC46D00CB30D8 /* Foundation.framework in Frameworks */,
			);
			runOnlyForDeploymentPostprocessing = 0;
		};
/* End PBXFrameworksBuildPhase section */

/* Begin PBXGroup section */
		797998D2189AC46D00CB30D8 = {
			isa = PBXGroup;
			children = (
				797998E0189AC46D00CB30D8 /* xib2pdflabels */,
				797998DD189AC46D00CB30D8 /* Frameworks */,
				797998DC189AC46D00CB30D8 /* Products */,
			);
			sourceTree = "<group>";
		};
		797998DC189AC46D00CB30D8 /* Products */ = {
			isa = PBXGroup;
			children = (
				797998DB189AC46D00CB30D8 /* xib2pdflabels */,
			);
			name = Products;
			sourceTree = "<group>";
		};
		797998DD189AC46D00CB30D8 /* Frameworks */ = {
			isa = PBXGroup;
			children = (
				797998DE189AC46D00CB30D8 /* Foundation.framework */,
			);
			name = Frameworks;
			sourceTree = "<group>";
		};
		797998E0189AC46D00CB30D8 /* xib2pdflabels */ = {
			isa = PBXGroup;
			children = (
				797998E1189AC46D00CB30D8 /* main.m */,
				797998E5189AC46D00CB30D8 /* xib2pdflabels.1 */,
				797998E3189AC46D00CB30D8 /* Supporting Files */,
			);
			path = xib2pdflabels;
			sourceTree = "<group>";
		};
		797998E3189AC46D00CB30D8 /* Supporting Files */ = {
			isa = PBXGroup;
			children = (
				797998E4189AC46D00CB30D8 /* xib2pdflabels-Prefix.pch */,
			);
			name = "Supporting Files";
			sourceTree = "<group>";
		};
/* End PBXGroup section */

/* Begin PBXNativeTarget section */
		797998DA189AC46D00CB30D8 /* xib2pdflabels */ = {
			isa = PBXNativeTarget;
			buildConfigurationList = 797998E9189AC46D00CB30D8 /* Build configuration list for PBXNativeTarget "xib2pdflabels" */;
			buildPhases = (
				797998D7189AC46D00CB30D8 /* Sources */,
				797998D8189AC46D00CB30D8 /* Frameworks */,
				797998D9189AC46D00CB30D8 /* CopyFiles */,
			);
			buildRules = (
			);
			dependencies = (
			);
			name = xib2pdflabels;
			productName = xib2pdflabels;
			productReference = 797998DB189AC46D00CB30D8 /* xib2pdflabels */;
			productType = "com.apple.product-type.tool";
		};
/* End PBXNativeTarget section */

/* Begin PBXProject section */
		797998D3189AC46D00CB30D8 /* Project object */ = {
			isa = PBXProject;
			attributes = {
				LastUpgradeCheck = 0500;
				ORGANIZATIONNAME = "Jonathan 'Wolf' Rentzsch";
			};
			buildConfigurationList = 797998D6189AC46D00CB30D8 /* Build configuration list for PBXProject "xib2pdflabels" */;
			compatibilityVersion = "Xcode 3.2";
			developmentRegion = English;
			hasScannedForEncodings = 0;
			knownRegions = (
				en,
			);
			mainGroup = 797998D2189AC46D00CB30D8;
			productRefGroup = 797998DC189AC46D00CB30D8 /* Products */;
			projectDirPath = "";
			projectRoot = "";
			targets = (
				797998DA189AC46D00CB30D8 /* xib2pdflabels */,
			);
		};
/* End PBXProject section */

/* Begin PBXSourcesBuildPhase section */
		797998D7189AC46D00CB30D8 /* Sources */ = {
			isa = PBXSourcesBuildPhase;
			buildActionMask = 2147483647;
			files = (
				797998E2189AC46D00CB30D8 /* main.m in Sources */,
			);
			runOnlyForDeploymentPostprocessing = 0;
		};
/* End PBXSourcesBuildPhase section */

/* Begin XCBuildConfiguration section */
		797998E7189AC46D00CB30D8 /* Debug */ = {
			isa = XCBuildConfiguration;
			buildSettings = {
				ALWAYS_SEARCH_USER_PATHS = NO;
				CLANG_CXX_LANGUAGE_STANDARD = "gnu++0x";
				CLANG_CXX_LIBRARY = "libc++";
				CLANG_ENABLE_OBJC_ARC = YES;
				CLANG_WARN_BOOL_CONVERSION = YES;
				CLANG_WARN_CONSTANT_CONVERSION = YES;
				CLANG_WARN_DIRECT_OBJC_ISA_USAGE = YES_ERROR;
				CLANG_WARN_EMPTY_BODY = YES;
				CLANG_WARN_ENUM_CONVERSION = YES;
				CLANG_WARN_INT_CONVERSION = YES;
				CLANG_WARN_OBJC_ROOT_CLASS = YES_ERROR;
				CLANG_WARN__DUPLICATE_METHOD_MATCH = YES;
				COPY_PHASE_STRIP = NO;
				GCC_C_LANGUAGE_STANDARD = gnu99;
				GCC_DYNAMIC_NO_PIC = NO;
				GCC_ENABLE_OBJC_EXCEPTIONS = YES;
				GCC_OPTIMIZATION_LEVEL = 0;
				GCC_PREPROCESSOR_DEFINITIONS = (
					"DEBUG=1",
					"$(inherited)",
				);
				GCC_SYMBOLS_PRIVATE_EXTERN = NO;
				GCC_WARN_64_TO_32_BIT_CONVERSION = YES;
				GCC_WARN_ABOUT_RETURN_TYPE = YES_ERROR;
				GCC_WARN_UNDECLARED_SELECTOR = YES;
				GCC_WARN_UNINITIALIZED_AUTOS = YES;
				GCC_WARN_UNUSED_FUNCTION = YES;
				GCC_WARN_UNUSED_VARIABLE = YES;
				MACOSX_DEPLOYMENT_TARGET = 10.9;
				ONLY_ACTIVE_ARCH = YES;
				SDKROOT = macosx;
			};
			name = Debug;
		};
		797998E8189AC46D00CB30D8 /* Release */ = {
			isa = XCBuildConfiguration;
			buildSettings = {
				ALWAYS_SEARCH_USER_PATHS = NO;
				CLANG_CXX_LANGUAGE_STANDARD = "gnu++0x";
				CLANG_CXX_LIBRARY = "libc++";
				CLANG_ENABLE_OBJC_ARC = YES;
				CLANG_WARN_BOOL_CONVERSION = YES;
				CLANG_WARN_CONSTANT_CONVERSION = YES;
				CLANG_WARN_DIRECT_OBJC_ISA_USAGE = YES_ERROR;
				CLANG_WARN_EMPTY_BODY = YES;
				CLANG_WARN_ENUM_CONVERSION = YES;
				CLANG_WARN_INT_CONVERSION = YES;
				CLANG_WARN_OBJC_ROOT_CLASS = YES_ERROR;
				CLANG_WARN__DUPLICATE_METHOD_MATCH = YES;
				COPY_PHASE_STRIP = YES;
				DEBUG_INFORMATION_FORMAT = "dwarf-with-dsym";
				ENABLE_NS_ASSERTIONS = NO;
				GCC_C_LANGUAGE_STANDARD = gnu99;
				GCC_ENABLE_OBJC_EXCEPTIONS = YES;
				GCC_WARN_64_TO_32_BIT_CONVERSION = YES;
				GCC_WARN_ABOUT_RETURN_TYPE = YES_ERROR;
				GCC_WARN_UNDECLARED_SELECTOR = YES;
				GCC_WARN_UNINITIALIZED_AUTOS = YES;
				GCC_WARN_UNUSED_FUNCTION = YES;
				GCC_WARN_UNUSED_VARIABLE = YES;
				MACOSX_DEPLOYMENT_TARGET = 10.9;
				SDKROOT = macosx;
			};
			name = Release;
		};
		797998EA189AC46D00CB30D8 /* Debug */ = {
			isa = XCBuildConfiguration;
			buildSettings = {
				GCC_PRECOMPILE_PREFIX_HEADER = YES;
				GCC_PREFIX_HEADER = "xib2pdflabels/xib2pdflabels-Prefix.pch";
				PRODUCT_NAME = "$(TARGET_NAME)";
			};
			name = Debug;
		};
		797998EB189AC46D00CB30D8 /* Release */ = {
			isa = XCBuildConfiguration;
			buildSettings = {
				GCC_PRECOMPILE_PREFIX_HEADER = YES;
				GCC_PREFIX_HEADER = "xib2pdflabels/xib2pdflabels-Prefix.pch";
				PRODUCT_NAME = "$(TARGET_NAME)";
			};
			name = Release;
		};
/* End XCBuildConfiguration section */

/* Begin XCConfigurationList section */
		797998D6189AC46D00CB30D8 /* Build configuration list for PBXProject "xib2pdflabels" */ = {
			isa = XCConfigurationList;
			buildConfigurations = (
				797998E7189AC46D00CB30D8 /* Debug */,
				797998E8189AC46D00CB30D8 /* Release */,
			);
			defaultConfigurationIsVisible = 0;
			defaultConfigurationName = Release;
		};
		797998E9189AC46D00CB30D8 /* Build configuration list for PBXNativeTarget "xib2pdflabels" */ = {
			isa = XCConfigurationList;
			buildConfigurations = (
				797998EA189AC46D00CB30D8 /* Debug */,
				797998EB189AC46D00CB30D8 /* Release */,
			);
			defaultConfigurationIsVisible = 0;
		};
/* End XCConfigurationList section */
	};
	rootObject = 797998D3189AC46D00CB30D8 /* Project object */;
}
